// !$*UTF8*$!
{
	archiveVersion = 1;
	classes = {
	};
	objectVersion = 46;
	objects = {

/* Begin PBXBuildFile section */
		8A5889271BED30040050F54B /* main.m in Sources */ = {isa = PBXBuildFile; fileRef = 8A5889261BED30040050F54B /* main.m */; };
		8A58892A1BED30040050F54B /* AppDelegate.m in Sources */ = {isa = PBXBuildFile; fileRef = 8A5889291BED30040050F54B /* AppDelegate.m */; };
		8A58892D1BED30040050F54B /* ViewController.m in Sources */ = {isa = PBXBuildFile; fileRef = 8A58892C1BED30040050F54B /* ViewController.m */; };
		8A5889301BED30040050F54B /* Main.storyboard in Resources */ = {isa = PBXBuildFile; fileRef = 8A58892E1BED30040050F54B /* Main.storyboard */; };
		8A5889321BED30040050F54B /* Assets.xcassets in Resources */ = {isa = PBXBuildFile; fileRef = 8A5889311BED30040050F54B /* Assets.xcassets */; };
		8A5889351BED30040050F54B /* LaunchScreen.storyboard in Resources */ = {isa = PBXBuildFile; fileRef = 8A5889331BED30040050F54B /* LaunchScreen.storyboard */; };
		8A5889401BED30040050F54B /* NoReadNameTestTests.m in Sources */ = {isa = PBXBuildFile; fileRef = 8A58893F1BED30040050F54B /* NoReadNameTestTests.m */; };
		8A58894B1BED30040050F54B /* NoReadNameTestUITests.m in Sources */ = {isa = PBXBuildFile; fileRef = 8A58894A1BED30040050F54B /* NoReadNameTestUITests.m */; };
/* End PBXBuildFile section */

/* Begin PBXContainerItemProxy section */
		8A58893C1BED30040050F54B /* PBXContainerItemProxy */ = {
			isa = PBXContainerItemProxy;
			containerPortal = 8A58891A1BED30040050F54B /* Project object */;
			proxyType = 1;
			remoteGlobalIDString = 8A5889211BED30040050F54B;
			remoteInfo = NoReadNameTest;
		};
		8A5889471BED30040050F54B /* PBXContainerItemProxy */ = {
			isa = PBXContainerItemProxy;
			containerPortal = 8A58891A1BED30040050F54B /* Project object */;
			proxyType = 1;
			remoteGlobalIDString = 8A5889211BED30040050F54B;
			remoteInfo = NoReadNameTest;
		};
/* End PBXContainerItemProxy section */

/* Begin PBXFileReference section */
		8A5889221BED30040050F54B /* NoReadNameTest.app */ = {isa = PBXFileReference; explicitFileType = wrapper.application; includeInIndex = 0; path = NoReadNameTest.app; sourceTree = BUILT_PRODUCTS_DIR; };
		8A5889261BED30040050F54B /* main.m */ = {isa = PBXFileReference; lastKnownFileType = sourcecode.c.objc; path = main.m; sourceTree = "<group>"; };
		8A5889281BED30040050F54B /* AppDelegate.h */ = {isa = PBXFileReference; lastKnownFileType = sourcecode.c.h; path = AppDelegate.h; sourceTree = "<group>"; };
		8A5889291BED30040050F54B /* AppDelegate.m */ = {isa = PBXFileReference; lastKnownFileType = sourcecode.c.objc; path = AppDelegate.m; sourceTree = "<group>"; };
		8A58892B1BED30040050F54B /* ViewController.h */ = {isa = PBXFileReference; lastKnownFileType = sourcecode.c.h; path = ViewController.h; sourceTree = "<group>"; };
		8A58892C1BED30040050F54B /* ViewController.m */ = {isa = PBXFileReference; lastKnownFileType = sourcecode.c.objc; path = ViewController.m; sourceTree = "<group>"; };
		8A58892F1BED30040050F54B /* Base */ = {isa = PBXFileReference; lastKnownFileType = file.storyboard; name = Base; path = Base.lproj/Main.storyboard; sourceTree = "<group>"; };
		8A5889311BED30040050F54B /* Assets.xcassets */ = {isa = PBXFileReference; lastKnownFileType = folder.assetcatalog; path = Assets.xcassets; sourceTree = "<group>"; };
		8A5889341BED30040050F54B /* Base */ = {isa = PBXFileReference; lastKnownFileType = file.storyboard; name = Base; path = Base.lproj/LaunchScreen.storyboard; sourceTree = "<group>"; };
		8A5889361BED30040050F54B /* Info.plist */ = {isa = PBXFileReference; lastKnownFileType = text.plist.xml; path = Info.plist; sourceTree = "<group>"; };
		8A58893B1BED30040050F54B /* NoReadNameTestTests.xctest */ = {isa = PBXFileReference; explicitFileType = wrapper.cfbundle; includeInIndex = 0; path = NoReadNameTestTests.xctest; sourceTree = BUILT_PRODUCTS_DIR; };
		8A58893F1BED30040050F54B /* NoReadNameTestTests.m */ = {isa = PBXFileReference; lastKnownFileType = sourcecode.c.objc; path = NoReadNameTestTests.m; sourceTree = "<group>"; };
		8A5889411BED30040050F54B /* Info.plist */ = {isa = PBXFileReference; lastKnownFileType = text.plist.xml; path = Info.plist; sourceTree = "<group>"; };
		8A5889461BED30040050F54B /* NoReadNameTestUITests.xctest */ = {isa = PBXFileReference; explicitFileType = wrapper.cfbundle; includeInIndex = 0; path = NoReadNameTestUITests.xctest; sourceTree = BUILT_PRODUCTS_DIR; };
		8A58894A1BED30040050F54B /* NoReadNameTestUITests.m */ = {isa = PBXFileReference; lastKnownFileType = sourcecode.c.objc; path = NoReadNameTestUITests.m; sourceTree = "<group>"; };
		8A58894C1BED30040050F54B /* Info.plist */ = {isa = PBXFileReference; lastKnownFileType = text.plist.xml; path = Info.plist; sourceTree = "<group>"; };
/* End PBXFileReference section */

/* Begin PBXFrameworksBuildPhase section */
		8A58891F1BED30040050F54B /* Frameworks */ = {
			isa = PBXFrameworksBuildPhase;
			buildActionMask = 2147483647;
			files = (
			);
			runOnlyForDeploymentPostprocessing = 0;
		};
		8A5889381BED30040050F54B /* Frameworks */ = {
			isa = PBXFrameworksBuildPhase;
			buildActionMask = 2147483647;
			files = (
			);
			runOnlyForDeploymentPostprocessing = 0;
		};
		8A5889431BED30040050F54B /* Frameworks */ = {
			isa = PBXFrameworksBuildPhase;
			buildActionMask = 2147483647;
			files = (
			);
			runOnlyForDeploymentPostprocessing = 0;
		};
/* End PBXFrameworksBuildPhase section */

/* Begin PBXGroup section */
		8A5889191BED30040050F54B = {
			isa = PBXGroup;
			children = (
				8A5889241BED30040050F54B /* NoReadNameTest */,
				8A58893E1BED30040050F54B /* NoReadNameTestTests */,
				8A5889491BED30040050F54B /* NoReadNameTestUITests */,
				8A5889231BED30040050F54B /* Products */,
			);
			sourceTree = "<group>";
		};
		8A5889231BED30040050F54B /* Products */ = {
			isa = PBXGroup;
			children = (
				8A5889221BED30040050F54B /* NoReadNameTest.app */,
				8A58893B1BED30040050F54B /* NoReadNameTestTests.xctest */,
				8A5889461BED30040050F54B /* NoReadNameTestUITests.xctest */,
			);
			name = Products;
			sourceTree = "<group>";
		};
		8A5889241BED30040050F54B /* NoReadNameTest */ = {
			isa = PBXGroup;
			children = (
				8A5889281BED30040050F54B /* AppDelegate.h */,
				8A5889291BED30040050F54B /* AppDelegate.m */,
				8A58892B1BED30040050F54B /* ViewController.h */,
				8A58892C1BED30040050F54B /* ViewController.m */,
				8A58892E1BED30040050F54B /* Main.storyboard */,
				8A5889311BED30040050F54B /* Assets.xcassets */,
				8A5889331BED30040050F54B /* LaunchScreen.storyboard */,
				8A5889361BED30040050F54B /* Info.plist */,
				8A5889251BED30040050F54B /* Supporting Files */,
			);
			path = NoReadNameTest;
			sourceTree = "<group>";
		};
		8A5889251BED30040050F54B /* Supporting Files */ = {
			isa = PBXGroup;
			children = (
				8A5889261BED30040050F54B /* main.m */,
			);
			name = "Supporting Files";
			sourceTree = "<group>";
		};
		8A58893E1BED30040050F54B /* NoReadNameTestTests */ = {
			isa = PBXGroup;
			children = (
				8A58893F1BED30040050F54B /* NoReadNameTestTests.m */,
				8A5889411BED30040050F54B /* Info.plist */,
			);
			path = NoReadNameTestTests;
			sourceTree = "<group>";
		};
		8A5889491BED30040050F54B /* NoReadNameTestUITests */ = {
			isa = PBXGroup;
			children = (
				8A58894A1BED30040050F54B /* NoReadNameTestUITests.m */,
				8A58894C1BED30040050F54B /* Info.plist */,
			);
			path = NoReadNameTestUITests;
			sourceTree = "<group>";
		};
/* End PBXGroup section */

/* Begin PBXNativeTarget section */
		8A5889211BED30040050F54B /* NoReadNameTest */ = {
			isa = PBXNativeTarget;
			buildConfigurationList = 8A58894F1BED30040050F54B /* Build configuration list for PBXNativeTarget "NoReadNameTest" */;
			buildPhases = (
				8A58891E1BED30040050F54B /* Sources */,
				8A58891F1BED30040050F54B /* Frameworks */,
				8A5889201BED30040050F54B /* Resources */,
			);
			buildRules = (
			);
			dependencies = (
			);
			name = NoReadNameTest;
			productName = NoReadNameTest;
			productReference = 8A5889221BED30040050F54B /* NoReadNameTest.app */;
			productType = "com.apple.product-type.application";
		};
		8A58893A1BED30040050F54B /* NoReadNameTestTests */ = {
			isa = PBXNativeTarget;
			buildConfigurationList = 8A5889521BED30040050F54B /* Build configuration list for PBXNativeTarget "NoReadNameTestTests" */;
			buildPhases = (
				8A5889371BED30040050F54B /* Sources */,
				8A5889381BED30040050F54B /* Frameworks */,
				8A5889391BED30040050F54B /* Resources */,
			);
			buildRules = (
			);
			dependencies = (
				8A58893D1BED30040050F54B /* PBXTargetDependency */,
			);
			name = NoReadNameTestTests;
			productName = NoReadNameTestTests;
			productReference = 8A58893B1BED30040050F54B /* NoReadNameTestTests.xctest */;
			productType = "com.apple.product-type.bundle.unit-test";
		};
		8A5889451BED30040050F54B /* NoReadNameTestUITests */ = {
			isa = PBXNativeTarget;
			buildConfigurationList = 8A5889551BED30040050F54B /* Build configuration list for PBXNativeTarget "NoReadNameTestUITests" */;
			buildPhases = (
				8A5889421BED30040050F54B /* Sources */,
				8A5889431BED30040050F54B /* Frameworks */,
				8A5889441BED30040050F54B /* Resources */,
			);
			buildRules = (
			);
			dependencies = (
				8A5889481BED30040050F54B /* PBXTargetDependency */,
			);
			name = NoReadNameTestUITests;
			productName = NoReadNameTestUITests;
			productReference = 8A5889461BED30040050F54B /* NoReadNameTestUITests.xctest */;
			productType = "com.apple.product-type.bundle.ui-testing";
		};
/* End PBXNativeTarget section */

/* Begin PBXProject section */
		8A58891A1BED30040050F54B /* Project object */ = {
			isa = PBXProject;
			attributes = {
				LastUpgradeCheck = 0710;
				ORGANIZATIONNAME = "付崇军";
				TargetAttributes = {
					8A5889211BED30040050F54B = {
						CreatedOnToolsVersion = 7.1;
					};
					8A58893A1BED30040050F54B = {
						CreatedOnToolsVersion = 7.1;
						TestTargetID = 8A5889211BED30040050F54B;
					};
					8A5889451BED30040050F54B = {
						CreatedOnToolsVersion = 7.1;
						TestTargetID = 8A5889211BED30040050F54B;
					};
				};
			};
			buildConfigurationList = 8A58891D1BED30040050F54B /* Build configuration list for PBXProject "NoReadNameTest" */;
			compatibilityVersion = "Xcode 3.2";
			developmentRegion = English;
			hasScannedForEncodings = 0;
			knownRegions = (
				en,
				Base,
			);
			mainGroup = 8A5889191BED30040050F54B;
			productRefGroup = 8A5889231BED30040050F54B /* Products */;
			projectDirPath = "";
			projectRoot = "";
			targets = (
				8A5889211BED30040050F54B /* NoReadNameTest */,
				8A58893A1BED30040050F54B /* NoReadNameTestTests */,
				8A5889451BED30040050F54B /* NoReadNameTestUITests */,
			);
		};
/* End PBXProject section */

/* Begin PBXResourcesBuildPhase section */
		8A5889201BED30040050F54B /* Resources */ = {
			isa = PBXResourcesBuildPhase;
			buildActionMask = 2147483647;
			files = (
				8A5889351BED30040050F54B /* LaunchScreen.storyboard in Resources */,
				8A5889321BED30040050F54B /* Assets.xcassets in Resources */,
				8A5889301BED30040050F54B /* Main.storyboard in Resources */,
			);
			runOnlyForDeploymentPostprocessing = 0;
		};
		8A5889391BED30040050F54B /* Resources */ = {
			isa = PBXResourcesBuildPhase;
			buildActionMask = 2147483647;
			files = (
			);
			runOnlyForDeploymentPostprocessing = 0;
		};
		8A5889441BED30040050F54B /* Resources */ = {
			isa = PBXResourcesBuildPhase;
			buildActionMask = 2147483647;
			files = (
			);
			runOnlyForDeploymentPostprocessing = 0;
		};
/* End PBXResourcesBuildPhase section */

/* Begin PBXSourcesBuildPhase section */
		8A58891E1BED30040050F54B /* Sources */ = {
			isa = PBXSourcesBuildPhase;
			buildActionMask = 2147483647;
			files = (
				8A58892D1BED30040050F54B /* ViewController.m in Sources */,
				8A58892A1BED30040050F54B /* AppDelegate.m in Sources */,
				8A5889271BED30040050F54B /* main.m in Sources */,
			);
			runOnlyForDeploymentPostprocessing = 0;
		};
		8A5889371BED30040050F54B /* Sources */ = {
			isa = PBXSourcesBuildPhase;
			buildActionMask = 2147483647;
			files = (
				8A5889401BED30040050F54B /* NoReadNameTestTests.m in Sources */,
			);
			runOnlyForDeploymentPostprocessing = 0;
		};
		8A5889421BED30040050F54B /* Sources */ = {
			isa = PBXSourcesBuildPhase;
			buildActionMask = 2147483647;
			files = (
				8A58894B1BED30040050F54B /* NoReadNameTestUITests.m in Sources */,
			);
			runOnlyForDeploymentPostprocessing = 0;
		};
/* End PBXSourcesBuildPhase section */

/* Begin PBXTargetDependency section */
		8A58893D1BED30040050F54B /* PBXTargetDependency */ = {
			isa = PBXTargetDependency;
			target = 8A5889211BED30040050F54B /* NoReadNameTest */;
			targetProxy = 8A58893C1BED30040050F54B /* PBXContainerItemProxy */;
		};
		8A5889481BED30040050F54B /* PBXTargetDependency */ = {
			isa = PBXTargetDependency;
			target = 8A5889211BED30040050F54B /* NoReadNameTest */;
			targetProxy = 8A5889471BED30040050F54B /* PBXContainerItemProxy */;
		};
/* End PBXTargetDependency section */

/* Begin PBXVariantGroup section */
		8A58892E1BED30040050F54B /* Main.storyboard */ = {
			isa = PBXVariantGroup;
			children = (
				8A58892F1BED30040050F54B /* Base */,
			);
			name = Main.storyboard;
			sourceTree = "<group>";
		};
		8A5889331BED30040050F54B /* LaunchScreen.storyboard */ = {
			isa = PBXVariantGroup;
			children = (
				8A5889341BED30040050F54B /* Base */,
			);
			name = LaunchScreen.storyboard;
			sourceTree = "<group>";
		};
/* End PBXVariantGroup section */

/* Begin XCBuildConfiguration section */
		8A58894D1BED30040050F54B /* Debug */ = {
			isa = XCBuildConfiguration;
			buildSettings = {
				ALWAYS_SEARCH_USER_PATHS = NO;
				CLANG_CXX_LANGUAGE_STANDARD = "gnu++0x";
				CLANG_CXX_LIBRARY = "libc++";
				CLANG_ENABLE_MODULES = YES;
				CLANG_ENABLE_OBJC_ARC = YES;
				CLANG_WARN_BOOL_CONVERSION = YES;
				CLANG_WARN_CONSTANT_CONVERSION = YES;
				CLANG_WARN_DIRECT_OBJC_ISA_USAGE = YES_ERROR;
				CLANG_WARN_EMPTY_BODY = YES;
				CLANG_WARN_ENUM_CONVERSION = YES;
				CLANG_WARN_INT_CONVERSION = YES;
				CLANG_WARN_OBJC_ROOT_CLASS = YES_ERROR;
				CLANG_WARN_UNREACHABLE_CODE = YES;
				CLANG_WARN__DUPLICATE_METHOD_MATCH = YES;
				"CODE_SIGN_IDENTITY[sdk=iphoneos*]" = "iPhone Developer";
				COPY_PHASE_STRIP = NO;
				DEBUG_INFORMATION_FORMAT = dwarf;
				ENABLE_STRICT_OBJC_MSGSEND = YES;
				ENABLE_TESTABILITY = YES;
				GCC_C_LANGUAGE_STANDARD = gnu99;
				GCC_DYNAMIC_NO_PIC = NO;
				GCC_NO_COMMON_BLOCKS = YES;
				GCC_OPTIMIZATION_LEVEL = 0;
				GCC_PREPROCESSOR_DEFINITIONS = (
					"DEBUG=1",
					"$(inherited)",
				);
				GCC_WARN_64_TO_32_BIT_CONVERSION = YES;
				GCC_WARN_ABOUT_RETURN_TYPE = YES_ERROR;
				GCC_WARN_UNDECLARED_SELECTOR = YES;
				GCC_WARN_UNINITIALIZED_AUTOS = YES_AGGRESSIVE;
				GCC_WARN_UNUSED_FUNCTION = YES;
				GCC_WARN_UNUSED_VARIABLE = YES;
				IPHONEOS_DEPLOYMENT_TARGET = 9.1;
				MTL_ENABLE_DEBUG_INFO = YES;
				ONLY_ACTIVE_ARCH = YES;
				SDKROOT = iphoneos;
			};
			name = Debug;
		};
		8A58894E1BED30040050F54B /* Release */ = {
			isa = XCBuildConfiguration;
			buildSettings = {
				ALWAYS_SEARCH_USER_PATHS = NO;
				CLANG_CXX_LANGUAGE_STANDARD = "gnu++0x";
				CLANG_CXX_LIBRARY = "libc++";
				CLANG_ENABLE_MODULES = YES;
				CLANG_ENABLE_OBJC_ARC = YES;
				CLANG_WARN_BOOL_CONVERSION = YES;
				CLANG_WARN_CONSTANT_CONVERSION = YES;
				CLANG_WARN_DIRECT_OBJC_ISA_USAGE = YES_ERROR;
				CLANG_WARN_EMPTY_BODY = YES;
				CLANG_WARN_ENUM_CONVERSION = YES;
				CLANG_WARN_INT_CONVERSION = YES;
				CLANG_WARN_OBJC_ROOT_CLASS = YES_ERROR;
				CLANG_WARN_UNREACHABLE_CODE = YES;
				CLANG_WARN__DUPLICATE_METHOD_MATCH = YES;
				"CODE_SIGN_IDENTITY[sdk=iphoneos*]" = "iPhone Developer";
				COPY_PHASE_STRIP = NO;
				DEBUG_INFORMATION_FORMAT = "dwarf-with-dsym";
				ENABLE_NS_ASSERTIONS = NO;
				ENABLE_STRICT_OBJC_MSGSEND = YES;
				GCC_C_LANGUAGE_STANDARD = gnu99;
				GCC_NO_COMMON_BLOCKS = YES;
				GCC_WARN_64_TO_32_BIT_CONVERSION = YES;
				GCC_WARN_ABOUT_RETURN_TYPE = YES_ERROR;
				GCC_WARN_UNDECLARED_SELECTOR = YES;
				GCC_WARN_UNINITIALIZED_AUTOS = YES_AGGRESSIVE;
				GCC_WARN_UNUSED_FUNCTION = YES;
				GCC_WARN_UNUSED_VARIABLE = YES;
				IPHONEOS_DEPLOYMENT_TARGET = 9.1;
				MTL_ENABLE_DEBUG_INFO = NO;
				SDKROOT = iphoneos;
				VALIDATE_PRODUCT = YES;
			};
			name = Release;
		};
		8A5889501BED30040050F54B /* Debug */ = {
			isa = XCBuildConfiguration;
			buildSettings = {
				ASSETCATALOG_COMPILER_APPICON_NAME = AppIcon;
				INFOPLIST_FILE = NoReadNameTest/Info.plist;
				LD_RUNPATH_SEARCH_PATHS = "$(inherited) @executable_path/Frameworks";
				PRODUCT_BUNDLE_IDENTIFIER = com.www.startsoftcomm.NoReadNameTest;
				PRODUCT_NAME = "$(TARGET_NAME)";
			};
			name = Debug;
		};
		8A5889511BED30040050F54B /* Release */ = {
			isa = XCBuildConfiguration;
			buildSettings = {
				ASSETCATALOG_COMPILER_APPICON_NAME = AppIcon;
				INFOPLIST_FILE = NoReadNameTest/Info.plist;
				LD_RUNPATH_SEARCH_PATHS = "$(inherited) @executable_path/Frameworks";
				PRODUCT_BUNDLE_IDENTIFIER = com.www.startsoftcomm.NoReadNameTest;
				PRODUCT_NAME = "$(TARGET_NAME)";
			};
			name = Release;
		};
		8A5889531BED30040050F54B /* Debug */ = {
			isa = XCBuildConfiguration;
			buildSettings = {
				BUNDLE_LOADER = "$(TEST_HOST)";
				INFOPLIST_FILE = NoReadNameTestTests/Info.plist;
				LD_RUNPATH_SEARCH_PATHS = "$(inherited) @executable_path/Frameworks @loader_path/Frameworks";
				PRODUCT_BUNDLE_IDENTIFIER = com.www.startsoftcomm.NoReadNameTestTests;
				PRODUCT_NAME = "$(TARGET_NAME)";
				TEST_HOST = "$(BUILT_PRODUCTS_DIR)/NoReadNameTest.app/NoReadNameTest";
			};
			name = Debug;
		};
		8A5889541BED30040050F54B /* Release */ = {
			isa = XCBuildConfiguration;
			buildSettings = {
				BUNDLE_LOADER = "$(TEST_HOST)";
				INFOPLIST_FILE = NoReadNameTestTests/Info.plist;
				LD_RUNPATH_SEARCH_PATHS = "$(inherited) @executable_path/Frameworks @loader_path/Frameworks";
				PRODUCT_BUNDLE_IDENTIFIER = com.www.startsoftcomm.NoReadNameTestTests;
				PRODUCT_NAME = "$(TARGET_NAME)";
				TEST_HOST = "$(BUILT_PRODUCTS_DIR)/NoReadNameTest.app/NoReadNameTest";
			};
			name = Release;
		};
		8A5889561BED30040050F54B /* Debug */ = {
			isa = XCBuildConfiguration;
			buildSettings = {
				INFOPLIST_FILE = NoReadNameTestUITests/Info.plist;
				LD_RUNPATH_SEARCH_PATHS = "$(inherited) @executable_path/Frameworks @loader_path/Frameworks";
				PRODUCT_BUNDLE_IDENTIFIER = com.www.startsoftcomm.NoReadNameTestUITests;
				PRODUCT_NAME = "$(TARGET_NAME)";
				TEST_TARGET_NAME = NoReadNameTest;
				USES_XCTRUNNER = YES;
			};
			name = Debug;
		};
		8A5889571BED30040050F54B /* Release */ = {
			isa = XCBuildConfiguration;
			buildSettings = {
				INFOPLIST_FILE = NoReadNameTestUITests/Info.plist;
				LD_RUNPATH_SEARCH_PATHS = "$(inherited) @executable_path/Frameworks @loader_path/Frameworks";
				PRODUCT_BUNDLE_IDENTIFIER = com.www.startsoftcomm.NoReadNameTestUITests;
				PRODUCT_NAME = "$(TARGET_NAME)";
				TEST_TARGET_NAME = NoReadNameTest;
				USES_XCTRUNNER = YES;
			};
			name = Release;
		};
/* End XCBuildConfiguration section */

/* Begin XCConfigurationList section */
		8A58891D1BED30040050F54B /* Build configuration list for PBXProject "NoReadNameTest" */ = {
			isa = XCConfigurationList;
			buildConfigurations = (
				8A58894D1BED30040050F54B /* Debug */,
				8A58894E1BED30040050F54B /* Release */,
			);
			defaultConfigurationIsVisible = 0;
			defaultConfigurationName = Release;
		};
		8A58894F1BED30040050F54B /* Build configuration list for PBXNativeTarget "NoReadNameTest" */ = {
			isa = XCConfigurationList;
			buildConfigurations = (
				8A5889501BED30040050F54B /* Debug */,
				8A5889511BED30040050F54B /* Release */,
			);
			defaultConfigurationIsVisible = 0;
		};
		8A5889521BED30040050F54B /* Build configuration list for PBXNativeTarget "NoReadNameTestTests" */ = {
			isa = XCConfigurationList;
			buildConfigurations = (
				8A5889531BED30040050F54B /* Debug */,
				8A5889541BED30040050F54B /* Release */,
			);
			defaultConfigurationIsVisible = 0;
		};
		8A5889551BED30040050F54B /* Build configuration list for PBXNativeTarget "NoReadNameTestUITests" */ = {
			isa = XCConfigurationList;
			buildConfigurations = (
				8A5889561BED30040050F54B /* Debug */,
				8A5889571BED30040050F54B /* Release */,
			);
			defaultConfigurationIsVisible = 0;
		};
/* End XCConfigurationList section */
	};
	rootObject = 8A58891A1BED30040050F54B /* Project object */;
}
